
Microsoft Visual Studio Solution File, Format Version 12.00
# Visual Studio Version 17
VisualStudioVersion = 17.0.31903.59
MinimumVisualStudioVersion = 10.0.40219.1
Project("{FAE04EC0-301F-11D3-BF4B-00C04F79EFBC}") = "CvWebApi.DataAccess", "CVWebApi.DataAccess\CvWebApi.DataAccess.csproj", "{FBB06BF1-E94C-40C4-B90D-A86845772DDD}"
EndProject
Project("{FAE04EC0-301F-11D3-BF4B-00C04F79EFBC}") = "CVWebApi", "CVWebApi.Api\CVWebApi.csproj", "{1E6B548A-E069-4773-A7E6-5ABB77D0188A}"
EndProject
Global
	GlobalSection(SolutionConfigurationPlatforms) = preSolution
		Debug|Any CPU = Debug|Any CPU
		Release|Any CPU = Release|Any CPU
	EndGlobalSection
	GlobalSection(SolutionProperties) = preSolution
		HideSolutionNode = FALSE
	EndGlobalSection
	GlobalSection(ProjectConfigurationPlatforms) = postSolution
		{FBB06BF1-E94C-40C4-B90D-A86845772DDD}.Debug|Any CPU.ActiveCfg = Debug|Any CPU
		{FBB06BF1-E94C-40C4-B90D-A86845772DDD}.Debug|Any CPU.Build.0 = Debug|Any CPU
		{FBB06BF1-E94C-40C4-B90D-A86845772DDD}.Release|Any CPU.ActiveCfg = Release|Any CPU
		{FBB06BF1-E94C-40C4-B90D-A86845772DDD}.Release|Any CPU.Build.0 = Release|Any CPU
		{1E6B548A-E069-4773-A7E6-5ABB77D0188A}.Debug|Any CPU.ActiveCfg = Debug|Any CPU
		{1E6B548A-E069-4773-A7E6-5ABB77D0188A}.Debug|Any CPU.Build.0 = Debug|Any CPU
		{1E6B548A-E069-4773-A7E6-5ABB77D0188A}.Release|Any CPU.ActiveCfg = Release|Any CPU
		{1E6B548A-E069-4773-A7E6-5ABB77D0188A}.Release|Any CPU.Build.0 = Release|Any CPU
	EndGlobalSection
EndGlobal
